
Microsoft Visual Studio Solution File, Format Version 12.00
# Visual Studio Version 16
VisualStudioVersion = 16.0.31019.35
MinimumVisualStudioVersion = 10.0.40219.1
Project("{FAE04EC0-301F-11D3-BF4B-00C04F79EFBC}") = "ContosoUniversity", "ContosoUniversity.csproj", "{B12327C9-A49A-48D8-B679-311B60D0CA1A}"
EndProject
Global
	GlobalSection(SolutionConfigurationPlatforms) = preSolution
		Debug|Any CPU = Debug|Any CPU
		Release|Any CPU = Release|Any CPU
	EndGlobalSection
	GlobalSection(ProjectConfigurationPlatforms) = postSolution
		{B12327C9-A49A-48D8-B679-311B60D0CA1A}.Debug|Any CPU.ActiveCfg = Debug|Any CPU
		{B12327C9-A49A-48D8-B679-311B60D0CA1A}.Debug|Any CPU.Build.0 = Debug|Any CPU
		{B12327C9-A49A-48D8-B679-311B60D0CA1A}.Release|Any CPU.ActiveCfg = Release|Any CPU
		{B12327C9-A49A-48D8-B679-311B60D0CA1A}.Release|Any CPU.Build.0 = Release|Any CPU
	EndGlobalSection
	GlobalSection(SolutionProperties) = preSolution
		HideSolutionNode = FALSE
	EndGlobalSection
	GlobalSection(ExtensibilityGlobals) = postSolution
		SolutionGuid = {C6E2E1A7-2FD7-4F23-8DFE-9207EA2D89D7}
	EndGlobalSection
EndGlobal
